lockfileVersion: '9.0'

settings:
  autoInstallPeers: true
  excludeLinksFromLockfile: false

importers:

  .:
    devDependencies:
      '@tsconfig/node-ts':
        specifier: ^23.6.1
        version: 23.6.1
      '@tsconfig/node24':
        specifier: ^24.0.1
        version: 24.0.1
      '@tsconfig/strictest':
        specifier: ^2.0.5
        version: 2.0.5
      '@types/node':
        specifier: ^24.1.0
        version: 24.1.0
      typescript:
        specifier: ^5.8.3
        version: 5.8.3

packages:

  '@tsconfig/node-ts@23.6.1':
    resolution: {integrity: sha512-1E5cUp+S65pLKKI9VrGMQPWDHxOEq3dAGM2onG3fLeSRwWbylYFwhIjnzJikjSN7w2nCgwxmv8ifvUKDFkK38Q==}

  '@tsconfig/node24@24.0.1':
    resolution: {integrity: sha512-3+IXshza3bIrT0tbHBr9CixQDVf4iBf0HTR0hCYowhpLqkzJjswu3UY8aZWjRXZep31kYB+o2SQeD8KwIoUHYw==}

  '@tsconfig/strictest@2.0.5':
    resolution: {integrity: sha512-ec4tjL2Rr0pkZ5hww65c+EEPYwxOi4Ryv+0MtjeaSQRJyq322Q27eOQiFbuNgw2hpL4hB1/W/HBGk3VKS43osg==}

  '@types/node@24.1.0':
    resolution: {integrity: sha512-ut5FthK5moxFKH2T1CUOC6ctR67rQRvvHdFLCD2Ql6KXmMuCrjsSsRI9UsLCm9M18BMwClv4pn327UvB7eeO1w==}

  typescript@5.8.3:
    resolution: {integrity: sha512-p1diW6TqL9L07nNxvRMM7hMMw4c5XOo/1ibL4aAIGmSAt9slTE1Xgw5KWuof2uTOvCg9BY7ZRi+GaF+7sfgPeQ==}
    engines: {node: '>=14.17'}
    hasBin: true

  undici-types@7.8.0:
    resolution: {integrity: sha512-9UJ2xGDvQ43tYyVMpuHlsgApydB8ZKfVYTsLDhXkFL/6gfkp+U8xTGdh8pMJv1SpZna0zxG1DwsKZsreLbXBxw==}

snapshots:

  '@tsconfig/node-ts@23.6.1': {}

  '@tsconfig/node24@24.0.1': {}

  '@tsconfig/strictest@2.0.5': {}

  '@types/node@24.1.0':
    dependencies:
      undici-types: 7.8.0

  typescript@5.8.3: {}

  undici-types@7.8.0: {}
